<?xml version="1.0" encoding="utf-8"?>
<Project ToolsVersion="4.0" xmlns="http://schemas.microsoft.com/developer/msbuild/2003">
  <ItemGroup>
    <Filter Include="소스 파일">
      <UniqueIdentifier>{4FC737F1-C7A5-4376-A066-2A32D752A2FF}</UniqueIdentifier>
      <Extensions>cpp;c;cc;cxx;c++;cppm;ixx;def;odl;idl;hpj;bat;asm;asmx</Extensions>
    </Filter>
    <Filter Include="헤더 파일">
      <UniqueIdentifier>{93995380-89BD-4b04-88EB-625FBE52EBFB}</UniqueIdentifier>
      <Extensions>h;hh;hpp;hxx;h++;hm;inl;inc;ipp;xsd</Extensions>
    </Filter>
    <Filter Include="리소스 파일">
      <UniqueIdentifier>{67DA6AB6-F800-4c08-8B7A-83BB121AAD01}</UniqueIdentifier>
      <Extensions>rc;ico;cur;bmp;dlg;rc2;rct;bin;rgs;gif;jpg;jpeg;jpe;resx;tiff;tif;png;wav;mfcribbon-ms</Extensions>
    </Filter>
  </ItemGroup>
  <ItemGroup>
    <ClCompile Include="src\act.comm.c">
      <Filter>소스 파일</Filter>
    </ClCompile>
    <ClCompile Include="src\act.informative.c">
      <Filter>소스 파일</Filter>
    </ClCompile>
    <ClCompile Include="src\act.item.c">
      <Filter>소스 파일</Filter>
    </ClCompile>
    <ClCompile Include="src\act.movement.c">
      <Filter>소스 파일</Filter>
    </ClCompile>
    <ClCompile Include="src\act.offensive.c">
      <Filter>소스 파일</Filter>
    </ClCompile>
    <ClCompile Include="src\act.other.c">
      <Filter>소스 파일</Filter>
    </ClCompile>
    <ClCompile Include="src\act.social.c">
      <Filter>소스 파일</Filter>
    </ClCompile>
    <ClCompile Include="src\act.wizard.c">
      <Filter>소스 파일</Filter>
    </ClCompile>
    <ClCompile Include="src\alias.c">
      <Filter>소스 파일</Filter>
    </ClCompile>
    <ClCompile Include="src\ban.c">
      <Filter>소스 파일</Filter>
    </ClCompile>
    <ClCompile Include="src\boards.c">
      <Filter>소스 파일</Filter>
    </ClCompile>
    <ClCompile Include="src\bsd-snprintf.c">
      <Filter>소스 파일</Filter>
    </ClCompile>
    <ClCompile Include="src\castle.c">
      <Filter>소스 파일</Filter>
    </ClCompile>
    <ClCompile Include="src\class.c">
      <Filter>소스 파일</Filter>
    </ClCompile>
    <ClCompile Include="src\comm.c">
      <Filter>소스 파일</Filter>
    </ClCompile>
    <ClCompile Include="src\config.c">
      <Filter>소스 파일</Filter>
    </ClCompile>
    <ClCompile Include="src\constants.c">
      <Filter>소스 파일</Filter>
    </ClCompile>
    <ClCompile Include="src\db.c">
      <Filter>소스 파일</Filter>
    </ClCompile>
    <ClCompile Include="src\fight.c">
      <Filter>소스 파일</Filter>
    </ClCompile>
    <ClCompile Include="src\graph.c">
      <Filter>소스 파일</Filter>
    </ClCompile>
    <ClCompile Include="src\handler.c">
      <Filter>소스 파일</Filter>
    </ClCompile>
    <ClCompile Include="src\house.c">
      <Filter>소스 파일</Filter>
    </ClCompile>
    <ClCompile Include="src\interpreter.c">
      <Filter>소스 파일</Filter>
    </ClCompile>
    <ClCompile Include="src\limits.c">
      <Filter>소스 파일</Filter>
    </ClCompile>
    <ClCompile Include="src\magic.c">
      <Filter>소스 파일</Filter>
    </ClCompile>
    <ClCompile Include="src\mail.c">
      <Filter>소스 파일</Filter>
    </ClCompile>
    <ClCompile Include="src\mobact.c">
      <Filter>소스 파일</Filter>
    </ClCompile>
    <ClCompile Include="src\modify.c">
      <Filter>소스 파일</Filter>
    </ClCompile>
    <ClCompile Include="src\objsave.c">
      <Filter>소스 파일</Filter>
    </ClCompile>
    <ClCompile Include="src\olc.c">
      <Filter>소스 파일</Filter>
    </ClCompile>
    <ClCompile Include="src\random.c">
      <Filter>소스 파일</Filter>
    </ClCompile>
    <ClCompile Include="src\shop.c">
      <Filter>소스 파일</Filter>
    </ClCompile>
    <ClCompile Include="src\spec_assign.c">
      <Filter>소스 파일</Filter>
    </ClCompile>
    <ClCompile Include="src\spec_procs.c">
      <Filter>소스 파일</Filter>
    </ClCompile>
    <ClCompile Include="src\spell_parser.c">
      <Filter>소스 파일</Filter>
    </ClCompile>
    <ClCompile Include="src\spells.c">
      <Filter>소스 파일</Filter>
    </ClCompile>
    <ClCompile Include="src\utils.c">
      <Filter>소스 파일</Filter>
    </ClCompile>
    <ClCompile Include="src\weather.c">
      <Filter>소스 파일</Filter>
    </ClCompile>
  </ItemGroup>
  <ItemGroup>
    <ClInclude Include="src\boards.h">
      <Filter>헤더 파일</Filter>
    </ClInclude>
    <ClInclude Include="src\bsd-snprintf.h">
      <Filter>헤더 파일</Filter>
    </ClInclude>
    <ClInclude Include="src\comm.h">
      <Filter>헤더 파일</Filter>
    </ClInclude>
    <ClInclude Include="src\constants.h">
      <Filter>헤더 파일</Filter>
    </ClInclude>
    <ClInclude Include="src\db.h">
      <Filter>헤더 파일</Filter>
    </ClInclude>
    <ClInclude Include="src\handler.h">
      <Filter>헤더 파일</Filter>
    </ClInclude>
    <ClInclude Include="src\house.h">
      <Filter>헤더 파일</Filter>
    </ClInclude>
    <ClInclude Include="src\interpreter.h">
      <Filter>헤더 파일</Filter>
    </ClInclude>
    <ClInclude Include="src\mail.h">
      <Filter>헤더 파일</Filter>
    </ClInclude>
    <ClInclude Include="src\olc.h">
      <Filter>헤더 파일</Filter>
    </ClInclude>
    <ClInclude Include="src\screen.h">
      <Filter>헤더 파일</Filter>
    </ClInclude>
    <ClInclude Include="src\shop.h">
      <Filter>헤더 파일</Filter>
    </ClInclude>
    <ClInclude Include="src\spells.h">
      <Filter>헤더 파일</Filter>
    </ClInclude>
    <ClInclude Include="src\structs.h">
      <Filter>헤더 파일</Filter>
    </ClInclude>
    <ClInclude Include="src\sysdep.h">
      <Filter>헤더 파일</Filter>
    </ClInclude>
    <ClInclude Include="src\telnet.h">
      <Filter>헤더 파일</Filter>
    </ClInclude>
    <ClInclude Include="src\utils.h">
      <Filter>헤더 파일</Filter>
    </ClInclude>
    <ClInclude Include="src\conf_proto.h">
      <Filter>헤더 파일</Filter>
    </ClInclude>
  </ItemGroup>
  <ItemGroup>
    <None Include="src\conf.h.win">
      <Filter>헤더 파일</Filter>
    </None>
  </ItemGroup>
</Project>